
Microsoft Visual Studio Solution File, Format Version 12.00
# Visual Studio Version 16
VisualStudioVersion = 25.0.1700.0
MinimumVisualStudioVersion = 10.0.40219.1
Project("{2150E333-8FDC-42A3-9474-1A3956D46DE8}") = "src", "src", "{A842E779-17B3-4932-9CC8-87242AAF8003}"
EndProject
Project("{FAE04EC0-301F-11D3-BF4B-00C04F79EFBC}") = "crm.Api", "src\crm.Api\crm.Api.csproj", "{8DB09079-299F-4378-B54C-976C0C59C3A0}"
EndProject
Project("{FAE04EC0-301F-11D3-BF4B-00C04F79EFBC}") = "crm.Domain", "src\crm.Domain\crm.Domain.csproj", "{EEBAD1E6-C8F9-4152-9D5D-80126EF830DA}"
EndProject
Project("{2150E333-8FDC-42A3-9474-1A3956D46DE8}") = "tests", "tests", "{D01EB0A0-72F8-4C9A-9885-7414E5E88208}"
EndProject
Project("{FAE04EC0-301F-11D3-BF4B-00C04F79EFBC}") = "crm.Domain.Test", "tests\crm.Domain.Test\crm.Domain.Test.csproj", "{F08A3200-362A-483F-B841-10CF2B233DE2}"
EndProject
Global
	GlobalSection(SolutionConfigurationPlatforms) = preSolution
		Debug|Any CPU = Debug|Any CPU
		Release|Any CPU = Release|Any CPU
	EndGlobalSection
	GlobalSection(ProjectConfigurationPlatforms) = postSolution
		{8DB09079-299F-4378-B54C-976C0C59C3A0}.Debug|Any CPU.ActiveCfg = Debug|Any CPU
		{8DB09079-299F-4378-B54C-976C0C59C3A0}.Debug|Any CPU.Build.0 = Debug|Any CPU
		{8DB09079-299F-4378-B54C-976C0C59C3A0}.Release|Any CPU.ActiveCfg = Release|Any CPU
		{8DB09079-299F-4378-B54C-976C0C59C3A0}.Release|Any CPU.Build.0 = Release|Any CPU
		{EEBAD1E6-C8F9-4152-9D5D-80126EF830DA}.Debug|Any CPU.ActiveCfg = Debug|Any CPU
		{EEBAD1E6-C8F9-4152-9D5D-80126EF830DA}.Debug|Any CPU.Build.0 = Debug|Any CPU
		{EEBAD1E6-C8F9-4152-9D5D-80126EF830DA}.Release|Any CPU.ActiveCfg = Release|Any CPU
		{EEBAD1E6-C8F9-4152-9D5D-80126EF830DA}.Release|Any CPU.Build.0 = Release|Any CPU
		{F08A3200-362A-483F-B841-10CF2B233DE2}.Debug|Any CPU.ActiveCfg = Debug|Any CPU
		{F08A3200-362A-483F-B841-10CF2B233DE2}.Debug|Any CPU.Build.0 = Debug|Any CPU
		{F08A3200-362A-483F-B841-10CF2B233DE2}.Release|Any CPU.ActiveCfg = Release|Any CPU
		{F08A3200-362A-483F-B841-10CF2B233DE2}.Release|Any CPU.Build.0 = Release|Any CPU
	EndGlobalSection
	GlobalSection(SolutionProperties) = preSolution
		HideSolutionNode = FALSE
	EndGlobalSection
	GlobalSection(ExtensibilityGlobals) = postSolution
		SolutionGuid = {EC122F11-0B60-4373-8F07-D71C6AAC78E4}
	EndGlobalSection
	GlobalSection(NestedProjects) = preSolution
		{8DB09079-299F-4378-B54C-976C0C59C3A0} = {A842E779-17B3-4932-9CC8-87242AAF8003}
		{EEBAD1E6-C8F9-4152-9D5D-80126EF830DA} = {A842E779-17B3-4932-9CC8-87242AAF8003}
		{F08A3200-362A-483F-B841-10CF2B233DE2} = {D01EB0A0-72F8-4C9A-9885-7414E5E88208}
	EndGlobalSection
EndGlobal
